
Microsoft Visual Studio Solution File, Format Version 12.00
# Visual Studio Version 17
VisualStudioVersion = 17.9.34701.34
MinimumVisualStudioVersion = 10.0.40219.1
Project("{FAE04EC0-301F-11D3-BF4B-00C04F79EFBC}") = "Moblarte", "Moblarte.csproj", "{099612E5-9A03-4B28-B1B3-E65C1F93FCFD}"
EndProject
Global
	GlobalSection(SolutionConfigurationPlatforms) = preSolution
		Debug|Any CPU = Debug|Any CPU
		Release|Any CPU = Release|Any CPU
	EndGlobalSection
	GlobalSection(ProjectConfigurationPlatforms) = postSolution
		{099612E5-9A03-4B28-B1B3-E65C1F93FCFD}.Debug|Any CPU.ActiveCfg = Debug|Any CPU
		{099612E5-9A03-4B28-B1B3-E65C1F93FCFD}.Debug|Any CPU.Build.0 = Debug|Any CPU
		{099612E5-9A03-4B28-B1B3-E65C1F93FCFD}.Release|Any CPU.ActiveCfg = Release|Any CPU
		{099612E5-9A03-4B28-B1B3-E65C1F93FCFD}.Release|Any CPU.Build.0 = Release|Any CPU
	EndGlobalSection
	GlobalSection(SolutionProperties) = preSolution
		HideSolutionNode = FALSE
	EndGlobalSection
	GlobalSection(ExtensibilityGlobals) = postSolution
		SolutionGuid = {8CD601D7-933D-4A10-BF9F-51580EAD489A}
	EndGlobalSection
EndGlobal
